
Microsoft Visual Studio Solution File, Format Version 12.00
# Visual Studio Version 17
VisualStudioVersion = 17.6.33815.320
MinimumVisualStudioVersion = 10.0.40219.1
Project("{FAE04EC0-301F-11D3-BF4B-00C04F79EFBC}") = "BubbleSort", "BubbleSort\BubbleSort.csproj", "{84DDAE10-C4C9-4926-9AC1-B1BC058731F5}"
EndProject
Global
	GlobalSection(SolutionConfigurationPlatforms) = preSolution
		Debug|Any CPU = Debug|Any CPU
		Release|Any CPU = Release|Any CPU
	EndGlobalSection
	GlobalSection(ProjectConfigurationPlatforms) = postSolution
		{84DDAE10-C4C9-4926-9AC1-B1BC058731F5}.Debug|Any CPU.ActiveCfg = Debug|Any CPU
		{84DDAE10-C4C9-4926-9AC1-B1BC058731F5}.Debug|Any CPU.Build.0 = Debug|Any CPU
		{84DDAE10-C4C9-4926-9AC1-B1BC058731F5}.Release|Any CPU.ActiveCfg = Release|Any CPU
		{84DDAE10-C4C9-4926-9AC1-B1BC058731F5}.Release|Any CPU.Build.0 = Release|Any CPU
	EndGlobalSection
	GlobalSection(SolutionProperties) = preSolution
		HideSolutionNode = FALSE
	EndGlobalSection
	GlobalSection(ExtensibilityGlobals) = postSolution
		SolutionGuid = {B50A0983-9F2D-4BCD-937A-DE824C7572CB}
	EndGlobalSection
EndGlobal
