
Microsoft Visual Studio Solution File, Format Version 12.00
# Visual Studio Version 17
VisualStudioVersion = 17.6.33815.320
MinimumVisualStudioVersion = 10.0.40219.1
Project("{FAE04EC0-301F-11D3-BF4B-00C04F79EFBC}") = "CurrencyRateApi", "CurrencyRateApi\CurrencyRateApi.csproj", "{ECA7BF94-DCE5-4558-BDDC-DAEEC9A3AA67}"
EndProject
Global
	GlobalSection(SolutionConfigurationPlatforms) = preSolution
		Debug|Any CPU = Debug|Any CPU
		Release|Any CPU = Release|Any CPU
	EndGlobalSection
	GlobalSection(ProjectConfigurationPlatforms) = postSolution
		{ECA7BF94-DCE5-4558-BDDC-DAEEC9A3AA67}.Debug|Any CPU.ActiveCfg = Debug|Any CPU
		{ECA7BF94-DCE5-4558-BDDC-DAEEC9A3AA67}.Debug|Any CPU.Build.0 = Debug|Any CPU
		{ECA7BF94-DCE5-4558-BDDC-DAEEC9A3AA67}.Release|Any CPU.ActiveCfg = Release|Any CPU
		{ECA7BF94-DCE5-4558-BDDC-DAEEC9A3AA67}.Release|Any CPU.Build.0 = Release|Any CPU
	EndGlobalSection
	GlobalSection(SolutionProperties) = preSolution
		HideSolutionNode = FALSE
	EndGlobalSection
	GlobalSection(ExtensibilityGlobals) = postSolution
		SolutionGuid = {43D41A35-E170-49B8-8B8E-EB322D1BA72E}
	EndGlobalSection
EndGlobal
