
Microsoft Visual Studio Solution File, Format Version 12.00
# Visual Studio Version 17
VisualStudioVersion = 17.6.33815.320
MinimumVisualStudioVersion = 10.0.40219.1
Project("{FAE04EC0-301F-11D3-BF4B-00C04F79EFBC}") = "HospitalDb", "HospitalDb\HospitalDb.csproj", "{20174433-8B51-44A8-8ABB-5B8C99DD15F2}"
EndProject
Project("{FAE04EC0-301F-11D3-BF4B-00C04F79EFBC}") = "Core", "Core\Core.csproj", "{4CE9E321-6530-4AB7-B504-D7C10E52C932}"
EndProject
Global
	GlobalSection(SolutionConfigurationPlatforms) = preSolution
		Debug|Any CPU = Debug|Any CPU
		Release|Any CPU = Release|Any CPU
	EndGlobalSection
	GlobalSection(ProjectConfigurationPlatforms) = postSolution
		{20174433-8B51-44A8-8ABB-5B8C99DD15F2}.Debug|Any CPU.ActiveCfg = Debug|Any CPU
		{20174433-8B51-44A8-8ABB-5B8C99DD15F2}.Debug|Any CPU.Build.0 = Debug|Any CPU
		{20174433-8B51-44A8-8ABB-5B8C99DD15F2}.Release|Any CPU.ActiveCfg = Release|Any CPU
		{20174433-8B51-44A8-8ABB-5B8C99DD15F2}.Release|Any CPU.Build.0 = Release|Any CPU
		{4CE9E321-6530-4AB7-B504-D7C10E52C932}.Debug|Any CPU.ActiveCfg = Debug|Any CPU
		{4CE9E321-6530-4AB7-B504-D7C10E52C932}.Debug|Any CPU.Build.0 = Debug|Any CPU
		{4CE9E321-6530-4AB7-B504-D7C10E52C932}.Release|Any CPU.ActiveCfg = Release|Any CPU
		{4CE9E321-6530-4AB7-B504-D7C10E52C932}.Release|Any CPU.Build.0 = Release|Any CPU
	EndGlobalSection
	GlobalSection(SolutionProperties) = preSolution
		HideSolutionNode = FALSE
	EndGlobalSection
	GlobalSection(ExtensibilityGlobals) = postSolution
		SolutionGuid = {F8C846C7-9A8B-4F1D-B74E-063FD99ECD85}
	EndGlobalSection
EndGlobal
