
Microsoft Visual Studio Solution File, Format Version 12.00
# Visual Studio Version 17
VisualStudioVersion = 17.6.33815.320
MinimumVisualStudioVersion = 10.0.40219.1
Project("{FAE04EC0-301F-11D3-BF4B-00C04F79EFBC}") = "Shapes", "Shapes\Shapes.csproj", "{E81C5440-5078-4A2D-A73D-147BBA25C2F1}"
EndProject
Project("{FAE04EC0-301F-11D3-BF4B-00C04F79EFBC}") = "ShapesTests", "ShapesTests\ShapesTests.csproj", "{27762E0D-3FFB-464D-99B3-A4B4C35F9ED5}"
EndProject
Global
	GlobalSection(SolutionConfigurationPlatforms) = preSolution
		Debug|Any CPU = Debug|Any CPU
		Release|Any CPU = Release|Any CPU
	EndGlobalSection
	GlobalSection(ProjectConfigurationPlatforms) = postSolution
		{E81C5440-5078-4A2D-A73D-147BBA25C2F1}.Debug|Any CPU.ActiveCfg = Debug|Any CPU
		{E81C5440-5078-4A2D-A73D-147BBA25C2F1}.Debug|Any CPU.Build.0 = Debug|Any CPU
		{E81C5440-5078-4A2D-A73D-147BBA25C2F1}.Release|Any CPU.ActiveCfg = Release|Any CPU
		{E81C5440-5078-4A2D-A73D-147BBA25C2F1}.Release|Any CPU.Build.0 = Release|Any CPU
		{27762E0D-3FFB-464D-99B3-A4B4C35F9ED5}.Debug|Any CPU.ActiveCfg = Debug|Any CPU
		{27762E0D-3FFB-464D-99B3-A4B4C35F9ED5}.Debug|Any CPU.Build.0 = Debug|Any CPU
		{27762E0D-3FFB-464D-99B3-A4B4C35F9ED5}.Release|Any CPU.ActiveCfg = Release|Any CPU
		{27762E0D-3FFB-464D-99B3-A4B4C35F9ED5}.Release|Any CPU.Build.0 = Release|Any CPU
	EndGlobalSection
	GlobalSection(SolutionProperties) = preSolution
		HideSolutionNode = FALSE
	EndGlobalSection
	GlobalSection(ExtensibilityGlobals) = postSolution
		SolutionGuid = {B17FAB08-C97A-4B92-A10F-B1ED5DED10F2}
	EndGlobalSection
EndGlobal
